{
  "name": "fairway-sniper-agent",
  "version": "1.0.0",
  "lockfileVersion": 3,
  "requires": true,
  "packages": {
    "": {
      "name": "fairway-sniper-agent",
      "version": "1.0.0",
      "dependencies": {
        "@playwright/test": "^1.57.0",
        "cors": "^2.8.5",
        "dotenv": "^17.2.3",
        "express": "^4.18.2",
        "firebase-admin": "^12.7.0",
        "luxon": "^3.4.4",
        "winston": "^3.18.3"
      },
      "engines": {
        "node": ">=18.0.0"
      }
    }
  }
}
